
Microsoft Visual Studio Solution File, Format Version 12.00
# Visual Studio Version 17
VisualStudioVersion = 17.13.35931.197 d17.13
MinimumVisualStudioVersion = 10.0.40219.1
Project("{FAE04EC0-301F-11D3-BF4B-00C04F79EFBC}") = "usasymbol", "usasymbol\usasymbol.csproj", "{D40E5323-D716-413A-82DD-72882D2909BC}"
EndProject
Global
	GlobalSection(SolutionConfigurationPlatforms) = preSolution
		Debug|Any CPU = Debug|Any CPU
		Release|Any CPU = Release|Any CPU
	EndGlobalSection
	GlobalSection(ProjectConfigurationPlatforms) = postSolution
		{D40E5323-D716-413A-82DD-72882D2909BC}.Debug|Any CPU.ActiveCfg = Debug|Any CPU
		{D40E5323-D716-413A-82DD-72882D2909BC}.Debug|Any CPU.Build.0 = Debug|Any CPU
		{D40E5323-D716-413A-82DD-72882D2909BC}.Release|Any CPU.ActiveCfg = Release|Any CPU
		{D40E5323-D716-413A-82DD-72882D2909BC}.Release|Any CPU.Build.0 = Release|Any CPU
	EndGlobalSection
	GlobalSection(SolutionProperties) = preSolution
		HideSolutionNode = FALSE
	EndGlobalSection
	GlobalSection(ExtensibilityGlobals) = postSolution
		SolutionGuid = {D292497B-4CA7-4A81-A731-5B4ED39BA01A}
	EndGlobalSection
EndGlobal
